
Microsoft Visual Studio Solution File, Format Version 11.00
# Visual Studio 2010
Project("{FAE04EC0-301F-11D3-BF4B-00C04F79EFBC}") = "PrintEnglishNumber", "PrintEnglishNumber.csproj", "{3628F06F-17A7-4094-BE15-C327E5AF9389}"
EndProject
Global
	GlobalSection(SolutionConfigurationPlatforms) = preSolution
		Debug|Any CPU = Debug|Any CPU
		Release|Any CPU = Release|Any CPU
	EndGlobalSection
	GlobalSection(ProjectConfigurationPlatforms) = postSolution
		{3628F06F-17A7-4094-BE15-C327E5AF9389}.Debug|Any CPU.ActiveCfg = Debug|Any CPU
		{3628F06F-17A7-4094-BE15-C327E5AF9389}.Debug|Any CPU.Build.0 = Debug|Any CPU
		{3628F06F-17A7-4094-BE15-C327E5AF9389}.Release|Any CPU.ActiveCfg = Release|Any CPU
		{3628F06F-17A7-4094-BE15-C327E5AF9389}.Release|Any CPU.Build.0 = Release|Any CPU
	EndGlobalSection
	GlobalSection(SolutionProperties) = preSolution
		HideSolutionNode = FALSE
	EndGlobalSection
EndGlobal
