
Microsoft Visual Studio Solution File, Format Version 11.00
# Visual Studio 2010
Project("{FAE04EC0-301F-11D3-BF4B-00C04F79EFBC}") = "FizzBuzz", "FizzBuzz.csproj", "{86176389-4688-4F5E-AA2B-DA77D152D026}"
EndProject
Global
	GlobalSection(SolutionConfigurationPlatforms) = preSolution
		Debug|Any CPU = Debug|Any CPU
		Release|Any CPU = Release|Any CPU
	EndGlobalSection
	GlobalSection(ProjectConfigurationPlatforms) = postSolution
		{86176389-4688-4F5E-AA2B-DA77D152D026}.Debug|Any CPU.ActiveCfg = Debug|Any CPU
		{86176389-4688-4F5E-AA2B-DA77D152D026}.Debug|Any CPU.Build.0 = Debug|Any CPU
		{86176389-4688-4F5E-AA2B-DA77D152D026}.Release|Any CPU.ActiveCfg = Release|Any CPU
		{86176389-4688-4F5E-AA2B-DA77D152D026}.Release|Any CPU.Build.0 = Release|Any CPU
	EndGlobalSection
	GlobalSection(SolutionProperties) = preSolution
		HideSolutionNode = FALSE
	EndGlobalSection
EndGlobal
